
Microsoft Visual Studio Solution File, Format Version 12.00
Project("{2150E333-8FDC-42A3-9474-1A3956D46DE8}") = "src", "src", "{8ED774F4-D429-4B82-B768-50DCA8EFF609}"
EndProject
Project("{2150E333-8FDC-42A3-9474-1A3956D46DE8}") = "tests", "tests", "{792FFE57-F1A0-47A4-9E2A-80F75FF2F8DB}"
EndProject
Project("{FAE04EC0-301F-11D3-BF4B-00C04F79EFBC}") = "Lab1", "src\Lab1\Lab1.csproj", "{EABA4888-E6C1-4ACC-856E-FBD34CEA3EDB}"
EndProject
Project("{FAE04EC0-301F-11D3-BF4B-00C04F79EFBC}") = "Lab1.Tests", "tests\Lab1.Tests\Lab1.Tests.csproj", "{4CA1BCBB-A6F3-4ED0-9E5F-849FF093EDE1}"
EndProject
Project("{2150E333-8FDC-42A3-9474-1A3956D46DE8}") = "common", "common", "{21E20419-0C74-46BC-9D7D-A24CEEC29ACC}"
	ProjectSection(SolutionItems) = preProject
		Directory.Build.props = Directory.Build.props
		Directory.Packages.props = Directory.Packages.props
		.editorconfig = .editorconfig
	EndProjectSection
EndProject
Project("{FAE04EC0-301F-11D3-BF4B-00C04F79EFBC}") = "Lab2", "src\Lab2\Lab2.csproj", "{433B9342-A6BF-4194-8F08-727AADAE7504}"
EndProject
Project("{FAE04EC0-301F-11D3-BF4B-00C04F79EFBC}") = "Lab3", "src\Lab3\Lab3.csproj", "{43B4CD48-18D5-4EDE-80CB-86460F4C64CB}"
EndProject
Project("{FAE04EC0-301F-11D3-BF4B-00C04F79EFBC}") = "Lab4", "src\Lab4\Lab4.csproj", "{A53D3DBD-FA2D-47B4-90A9-B44AF07ADE71}"
EndProject
Project("{2150E333-8FDC-42A3-9474-1A3956D46DE8}") = "Lab5", "Lab5", "{55C309C9-B7DE-4F64-AFDE-A33F9C2AB2D4}"
EndProject
Project("{FAE04EC0-301F-11D3-BF4B-00C04F79EFBC}") = "Lab2.Tests", "tests\Lab2.Tests\Lab2.Tests.csproj", "{25D0E1F0-760B-4E76-B0D9-3EF274B35AF6}"
EndProject
Project("{FAE04EC0-301F-11D3-BF4B-00C04F79EFBC}") = "Lab3.Tests", "tests\Lab3.Tests\Lab3.Tests.csproj", "{7E5E46DB-EF55-47E6-822A-6AE20BF2FCD9}"
EndProject
Project("{FAE04EC0-301F-11D3-BF4B-00C04F79EFBC}") = "Lab4.Tests", "tests\Lab4.Tests\Lab4.Tests.csproj", "{17689E4A-FE4F-4893-8E28-3BA911DEC8D8}"
EndProject
Project("{FAE04EC0-301F-11D3-BF4B-00C04F79EFBC}") = "Lab5.Tests", "tests\Lab5.Tests\Lab5.Tests.csproj", "{FA627A62-AD7A-4A72-B15C-EC8AEFD206DB}"
EndProject
Project("{2150E333-8FDC-42A3-9474-1A3956D46DE8}") = "common", "common", "{15BB88A0-B44B-4253-B22C-12304B1677E5}"
EndProject
Project("{2150E333-8FDC-42A3-9474-1A3956D46DE8}") = "src", "src", "{50D2EE13-7869-4D8C-99C0-12DEC5877B23}"
EndProject
Project("{2150E333-8FDC-42A3-9474-1A3956D46DE8}") = "Solution Items", "Solution Items", "{00C72CB9-DD62-40D7-8CC9-7D9543589B11}"
EndProject
Project("{2150E333-8FDC-42A3-9474-1A3956D46DE8}") = "docker", "docker", "{310BBB95-4988-4C7D-98A1-B23BD0E319B2}"
	ProjectSection(SolutionItems) = preProject
		docker-compose.yml = docker-compose.yml
		.env = .env
	EndProjectSection
EndProject
Project("{2150E333-8FDC-42A3-9474-1A3956D46DE8}") = "Application", "Application", "{A2D65798-560F-475E-A146-E00FC2E8DC91}"
EndProject
Project("{2150E333-8FDC-42A3-9474-1A3956D46DE8}") = "Infastructure", "Infastructure", "{52304332-D10F-432C-8978-821772BED8B2}"
EndProject
Project("{2150E333-8FDC-42A3-9474-1A3956D46DE8}") = "Presentation", "Presentation", "{91C5FA68-FE27-40C4-8F2E-4495F4C866D8}"
EndProject
Project("{FAE04EC0-301F-11D3-BF4B-00C04F79EFBC}") = "Lab5.Application", "src\Lab5\Lab5.Application\Lab5.Application.csproj", "{8F00E99E-46D3-4704-8E4F-2E4965177E36}"
EndProject
Project("{FAE04EC0-301F-11D3-BF4B-00C04F79EFBC}") = "Lab5.Application.Abstractions", "src\Lab5\Lab5.Application.Abstractions\Lab5.Application.Abstractions.csproj", "{B12638EE-F599-4306-8950-3240A856203D}"
EndProject
Project("{FAE04EC0-301F-11D3-BF4B-00C04F79EFBC}") = "Lab5.Application.Contracts", "src\Lab5\Lab5.Application.Contracts\Lab5.Application.Contracts.csproj", "{7282473E-528C-4FAB-A2D8-0202DD858382}"
EndProject
Project("{FAE04EC0-301F-11D3-BF4B-00C04F79EFBC}") = "Lab5.Application.Models", "src\Lab5\Lab5.Application.Models\Lab5.Application.Models.csproj", "{8F35A3B2-8066-4656-8633-B8C454A351AF}"
EndProject
Project("{FAE04EC0-301F-11D3-BF4B-00C04F79EFBC}") = "Lab5.Infastructure.DataAccess", "src\Lab5\Lab5.Infastructure.DataAccess\Lab5.Infastructure.DataAccess.csproj", "{92B1CBDF-A1CD-4D12-9351-BAF4AFE14318}"
EndProject
Project("{FAE04EC0-301F-11D3-BF4B-00C04F79EFBC}") = "Lab5.Presentation.Console", "src\Lab5\Lab5.Presentation.Console\Lab5.Presentation.Console.csproj", "{AC8BD077-52E6-4E8C-A9A6-AAC8BFD32208}"
EndProject
Project("{FAE04EC0-301F-11D3-BF4B-00C04F79EFBC}") = "EntryPoint", "src\Lab5\EntryPoint\EntryPoint.csproj", "{D0A2C72C-0D47-4AAA-9BC2-8550D4FD7926}"
EndProject
Global
	GlobalSection(SolutionConfigurationPlatforms) = preSolution
		Debug|Any CPU = Debug|Any CPU
		Release|Any CPU = Release|Any CPU
	EndGlobalSection
	GlobalSection(NestedProjects) = preSolution
		{EABA4888-E6C1-4ACC-856E-FBD34CEA3EDB} = {8ED774F4-D429-4B82-B768-50DCA8EFF609}
		{4CA1BCBB-A6F3-4ED0-9E5F-849FF093EDE1} = {792FFE57-F1A0-47A4-9E2A-80F75FF2F8DB}
		{433B9342-A6BF-4194-8F08-727AADAE7504} = {8ED774F4-D429-4B82-B768-50DCA8EFF609}
		{43B4CD48-18D5-4EDE-80CB-86460F4C64CB} = {8ED774F4-D429-4B82-B768-50DCA8EFF609}
		{A53D3DBD-FA2D-47B4-90A9-B44AF07ADE71} = {8ED774F4-D429-4B82-B768-50DCA8EFF609}
		{55C309C9-B7DE-4F64-AFDE-A33F9C2AB2D4} = {8ED774F4-D429-4B82-B768-50DCA8EFF609}
		{25D0E1F0-760B-4E76-B0D9-3EF274B35AF6} = {792FFE57-F1A0-47A4-9E2A-80F75FF2F8DB}
		{7E5E46DB-EF55-47E6-822A-6AE20BF2FCD9} = {792FFE57-F1A0-47A4-9E2A-80F75FF2F8DB}
		{17689E4A-FE4F-4893-8E28-3BA911DEC8D8} = {792FFE57-F1A0-47A4-9E2A-80F75FF2F8DB}
		{FA627A62-AD7A-4A72-B15C-EC8AEFD206DB} = {792FFE57-F1A0-47A4-9E2A-80F75FF2F8DB}
		{15BB88A0-B44B-4253-B22C-12304B1677E5} = {55C309C9-B7DE-4F64-AFDE-A33F9C2AB2D4}
		{50D2EE13-7869-4D8C-99C0-12DEC5877B23} = {55C309C9-B7DE-4F64-AFDE-A33F9C2AB2D4}
		{310BBB95-4988-4C7D-98A1-B23BD0E319B2} = {15BB88A0-B44B-4253-B22C-12304B1677E5}
		{A2D65798-560F-475E-A146-E00FC2E8DC91} = {50D2EE13-7869-4D8C-99C0-12DEC5877B23}
		{52304332-D10F-432C-8978-821772BED8B2} = {50D2EE13-7869-4D8C-99C0-12DEC5877B23}
		{91C5FA68-FE27-40C4-8F2E-4495F4C866D8} = {50D2EE13-7869-4D8C-99C0-12DEC5877B23}
		{8F00E99E-46D3-4704-8E4F-2E4965177E36} = {A2D65798-560F-475E-A146-E00FC2E8DC91}
		{B12638EE-F599-4306-8950-3240A856203D} = {A2D65798-560F-475E-A146-E00FC2E8DC91}
		{7282473E-528C-4FAB-A2D8-0202DD858382} = {A2D65798-560F-475E-A146-E00FC2E8DC91}
		{8F35A3B2-8066-4656-8633-B8C454A351AF} = {A2D65798-560F-475E-A146-E00FC2E8DC91}
		{92B1CBDF-A1CD-4D12-9351-BAF4AFE14318} = {52304332-D10F-432C-8978-821772BED8B2}
		{AC8BD077-52E6-4E8C-A9A6-AAC8BFD32208} = {91C5FA68-FE27-40C4-8F2E-4495F4C866D8}
		{D0A2C72C-0D47-4AAA-9BC2-8550D4FD7926} = {50D2EE13-7869-4D8C-99C0-12DEC5877B23}
	EndGlobalSection
	GlobalSection(ProjectConfigurationPlatforms) = postSolution
		{EABA4888-E6C1-4ACC-856E-FBD34CEA3EDB}.Debug|Any CPU.ActiveCfg = Debug|Any CPU
		{EABA4888-E6C1-4ACC-856E-FBD34CEA3EDB}.Debug|Any CPU.Build.0 = Debug|Any CPU
		{EABA4888-E6C1-4ACC-856E-FBD34CEA3EDB}.Release|Any CPU.ActiveCfg = Release|Any CPU
		{EABA4888-E6C1-4ACC-856E-FBD34CEA3EDB}.Release|Any CPU.Build.0 = Release|Any CPU
		{4CA1BCBB-A6F3-4ED0-9E5F-849FF093EDE1}.Debug|Any CPU.ActiveCfg = Debug|Any CPU
		{4CA1BCBB-A6F3-4ED0-9E5F-849FF093EDE1}.Debug|Any CPU.Build.0 = Debug|Any CPU
		{4CA1BCBB-A6F3-4ED0-9E5F-849FF093EDE1}.Release|Any CPU.ActiveCfg = Release|Any CPU
		{4CA1BCBB-A6F3-4ED0-9E5F-849FF093EDE1}.Release|Any CPU.Build.0 = Release|Any CPU
		{433B9342-A6BF-4194-8F08-727AADAE7504}.Debug|Any CPU.ActiveCfg = Debug|Any CPU
		{433B9342-A6BF-4194-8F08-727AADAE7504}.Debug|Any CPU.Build.0 = Debug|Any CPU
		{433B9342-A6BF-4194-8F08-727AADAE7504}.Release|Any CPU.ActiveCfg = Release|Any CPU
		{433B9342-A6BF-4194-8F08-727AADAE7504}.Release|Any CPU.Build.0 = Release|Any CPU
		{43B4CD48-18D5-4EDE-80CB-86460F4C64CB}.Debug|Any CPU.ActiveCfg = Debug|Any CPU
		{43B4CD48-18D5-4EDE-80CB-86460F4C64CB}.Debug|Any CPU.Build.0 = Debug|Any CPU
		{43B4CD48-18D5-4EDE-80CB-86460F4C64CB}.Release|Any CPU.ActiveCfg = Release|Any CPU
		{43B4CD48-18D5-4EDE-80CB-86460F4C64CB}.Release|Any CPU.Build.0 = Release|Any CPU
		{A53D3DBD-FA2D-47B4-90A9-B44AF07ADE71}.Debug|Any CPU.ActiveCfg = Debug|Any CPU
		{A53D3DBD-FA2D-47B4-90A9-B44AF07ADE71}.Debug|Any CPU.Build.0 = Debug|Any CPU
		{A53D3DBD-FA2D-47B4-90A9-B44AF07ADE71}.Release|Any CPU.ActiveCfg = Release|Any CPU
		{A53D3DBD-FA2D-47B4-90A9-B44AF07ADE71}.Release|Any CPU.Build.0 = Release|Any CPU
		{25D0E1F0-760B-4E76-B0D9-3EF274B35AF6}.Debug|Any CPU.ActiveCfg = Debug|Any CPU
		{25D0E1F0-760B-4E76-B0D9-3EF274B35AF6}.Debug|Any CPU.Build.0 = Debug|Any CPU
		{25D0E1F0-760B-4E76-B0D9-3EF274B35AF6}.Release|Any CPU.ActiveCfg = Release|Any CPU
		{25D0E1F0-760B-4E76-B0D9-3EF274B35AF6}.Release|Any CPU.Build.0 = Release|Any CPU
		{7E5E46DB-EF55-47E6-822A-6AE20BF2FCD9}.Debug|Any CPU.ActiveCfg = Debug|Any CPU
		{7E5E46DB-EF55-47E6-822A-6AE20BF2FCD9}.Debug|Any CPU.Build.0 = Debug|Any CPU
		{7E5E46DB-EF55-47E6-822A-6AE20BF2FCD9}.Release|Any CPU.ActiveCfg = Release|Any CPU
		{7E5E46DB-EF55-47E6-822A-6AE20BF2FCD9}.Release|Any CPU.Build.0 = Release|Any CPU
		{17689E4A-FE4F-4893-8E28-3BA911DEC8D8}.Debug|Any CPU.ActiveCfg = Debug|Any CPU
		{17689E4A-FE4F-4893-8E28-3BA911DEC8D8}.Debug|Any CPU.Build.0 = Debug|Any CPU
		{17689E4A-FE4F-4893-8E28-3BA911DEC8D8}.Release|Any CPU.ActiveCfg = Release|Any CPU
		{17689E4A-FE4F-4893-8E28-3BA911DEC8D8}.Release|Any CPU.Build.0 = Release|Any CPU
		{FA627A62-AD7A-4A72-B15C-EC8AEFD206DB}.Debug|Any CPU.ActiveCfg = Debug|Any CPU
		{FA627A62-AD7A-4A72-B15C-EC8AEFD206DB}.Debug|Any CPU.Build.0 = Debug|Any CPU
		{FA627A62-AD7A-4A72-B15C-EC8AEFD206DB}.Release|Any CPU.ActiveCfg = Release|Any CPU
		{FA627A62-AD7A-4A72-B15C-EC8AEFD206DB}.Release|Any CPU.Build.0 = Release|Any CPU
		{8F00E99E-46D3-4704-8E4F-2E4965177E36}.Debug|Any CPU.ActiveCfg = Debug|Any CPU
		{8F00E99E-46D3-4704-8E4F-2E4965177E36}.Debug|Any CPU.Build.0 = Debug|Any CPU
		{8F00E99E-46D3-4704-8E4F-2E4965177E36}.Release|Any CPU.ActiveCfg = Release|Any CPU
		{8F00E99E-46D3-4704-8E4F-2E4965177E36}.Release|Any CPU.Build.0 = Release|Any CPU
		{B12638EE-F599-4306-8950-3240A856203D}.Debug|Any CPU.ActiveCfg = Debug|Any CPU
		{B12638EE-F599-4306-8950-3240A856203D}.Debug|Any CPU.Build.0 = Debug|Any CPU
		{B12638EE-F599-4306-8950-3240A856203D}.Release|Any CPU.ActiveCfg = Release|Any CPU
		{B12638EE-F599-4306-8950-3240A856203D}.Release|Any CPU.Build.0 = Release|Any CPU
		{7282473E-528C-4FAB-A2D8-0202DD858382}.Debug|Any CPU.ActiveCfg = Debug|Any CPU
		{7282473E-528C-4FAB-A2D8-0202DD858382}.Debug|Any CPU.Build.0 = Debug|Any CPU
		{7282473E-528C-4FAB-A2D8-0202DD858382}.Release|Any CPU.ActiveCfg = Release|Any CPU
		{7282473E-528C-4FAB-A2D8-0202DD858382}.Release|Any CPU.Build.0 = Release|Any CPU
		{8F35A3B2-8066-4656-8633-B8C454A351AF}.Debug|Any CPU.ActiveCfg = Debug|Any CPU
		{8F35A3B2-8066-4656-8633-B8C454A351AF}.Debug|Any CPU.Build.0 = Debug|Any CPU
		{8F35A3B2-8066-4656-8633-B8C454A351AF}.Release|Any CPU.ActiveCfg = Release|Any CPU
		{8F35A3B2-8066-4656-8633-B8C454A351AF}.Release|Any CPU.Build.0 = Release|Any CPU
		{92B1CBDF-A1CD-4D12-9351-BAF4AFE14318}.Debug|Any CPU.ActiveCfg = Debug|Any CPU
		{92B1CBDF-A1CD-4D12-9351-BAF4AFE14318}.Debug|Any CPU.Build.0 = Debug|Any CPU
		{92B1CBDF-A1CD-4D12-9351-BAF4AFE14318}.Release|Any CPU.ActiveCfg = Release|Any CPU
		{92B1CBDF-A1CD-4D12-9351-BAF4AFE14318}.Release|Any CPU.Build.0 = Release|Any CPU
		{AC8BD077-52E6-4E8C-A9A6-AAC8BFD32208}.Debug|Any CPU.ActiveCfg = Debug|Any CPU
		{AC8BD077-52E6-4E8C-A9A6-AAC8BFD32208}.Debug|Any CPU.Build.0 = Debug|Any CPU
		{AC8BD077-52E6-4E8C-A9A6-AAC8BFD32208}.Release|Any CPU.ActiveCfg = Release|Any CPU
		{AC8BD077-52E6-4E8C-A9A6-AAC8BFD32208}.Release|Any CPU.Build.0 = Release|Any CPU
		{D0A2C72C-0D47-4AAA-9BC2-8550D4FD7926}.Debug|Any CPU.ActiveCfg = Debug|Any CPU
		{D0A2C72C-0D47-4AAA-9BC2-8550D4FD7926}.Debug|Any CPU.Build.0 = Debug|Any CPU
		{D0A2C72C-0D47-4AAA-9BC2-8550D4FD7926}.Release|Any CPU.ActiveCfg = Release|Any CPU
		{D0A2C72C-0D47-4AAA-9BC2-8550D4FD7926}.Release|Any CPU.Build.0 = Release|Any CPU
	EndGlobalSection
EndGlobal
